
Microsoft Visual Studio Solution File, Format Version 12.00
# Visual Studio Version 17
VisualStudioVersion = 17.0.31912.275
MinimumVisualStudioVersion = 10.0.40219.1
Project("{9A19103F-16F7-4668-BE54-9A1E7A4F7556}") = "API", "API\API.csproj", "{FF068E91-D871-445C-BE0E-BB582D96592A}"
EndProject
Project("{9A19103F-16F7-4668-BE54-9A1E7A4F7556}") = "Infrastructure", "Infrastructure\Infrastructure.csproj", "{D01FA023-8BAA-4C70-B1D2-8D37A92EF7AD}"
EndProject
Project("{9A19103F-16F7-4668-BE54-9A1E7A4F7556}") = "MediatRL", "Common\MediatRL.csproj", "{6CDBBCB8-2196-482A-824A-F535088CB050}"
EndProject
Project("{9A19103F-16F7-4668-BE54-9A1E7A4F7556}") = "BLL", "BL\BLL.csproj", "{C26D6CAB-BEAA-4AB5-9F7C-71CAA3CEA3FB}"
EndProject
Project("{9A19103F-16F7-4668-BE54-9A1E7A4F7556}") = "SQLiteDAL", "SQLiteData\SQLiteDAL.csproj", "{443DFFCC-F6F2-45B3-A7DF-A579ABF5DE66}"
EndProject
Project("{9A19103F-16F7-4668-BE54-9A1E7A4F7556}") = "MongoDAL", "MongoDAL\MongoDAL.csproj", "{20CBF366-3E9F-4DD3-9538-8D0B097113CA}"
EndProject
Project("{9A19103F-16F7-4668-BE54-9A1E7A4F7556}") = "SQLiteDAL.Test", "SQLiteDAL.Test\SQLiteDAL.Test.csproj", "{FF0F901C-91BD-478D-B6F9-36B8E57D32E6}"
EndProject
Project("{9A19103F-16F7-4668-BE54-9A1E7A4F7556}") = "Domain", "Domain\Domain.csproj", "{19BA3439-C555-437E-AA87-D475E5C0C833}"
EndProject
Global
	GlobalSection(SolutionConfigurationPlatforms) = preSolution
		Debug|Any CPU = Debug|Any CPU
		Release|Any CPU = Release|Any CPU
	EndGlobalSection
	GlobalSection(ProjectConfigurationPlatforms) = postSolution
		{FF068E91-D871-445C-BE0E-BB582D96592A}.Debug|Any CPU.ActiveCfg = Debug|Any CPU
		{FF068E91-D871-445C-BE0E-BB582D96592A}.Debug|Any CPU.Build.0 = Debug|Any CPU
		{FF068E91-D871-445C-BE0E-BB582D96592A}.Release|Any CPU.ActiveCfg = Release|Any CPU
		{FF068E91-D871-445C-BE0E-BB582D96592A}.Release|Any CPU.Build.0 = Release|Any CPU
		{D01FA023-8BAA-4C70-B1D2-8D37A92EF7AD}.Debug|Any CPU.ActiveCfg = Debug|Any CPU
		{D01FA023-8BAA-4C70-B1D2-8D37A92EF7AD}.Debug|Any CPU.Build.0 = Debug|Any CPU
		{D01FA023-8BAA-4C70-B1D2-8D37A92EF7AD}.Release|Any CPU.ActiveCfg = Release|Any CPU
		{D01FA023-8BAA-4C70-B1D2-8D37A92EF7AD}.Release|Any CPU.Build.0 = Release|Any CPU
		{6CDBBCB8-2196-482A-824A-F535088CB050}.Debug|Any CPU.ActiveCfg = Debug|Any CPU
		{6CDBBCB8-2196-482A-824A-F535088CB050}.Debug|Any CPU.Build.0 = Debug|Any CPU
		{6CDBBCB8-2196-482A-824A-F535088CB050}.Release|Any CPU.ActiveCfg = Release|Any CPU
		{6CDBBCB8-2196-482A-824A-F535088CB050}.Release|Any CPU.Build.0 = Release|Any CPU
		{C26D6CAB-BEAA-4AB5-9F7C-71CAA3CEA3FB}.Debug|Any CPU.ActiveCfg = Debug|Any CPU
		{C26D6CAB-BEAA-4AB5-9F7C-71CAA3CEA3FB}.Debug|Any CPU.Build.0 = Debug|Any CPU
		{C26D6CAB-BEAA-4AB5-9F7C-71CAA3CEA3FB}.Release|Any CPU.ActiveCfg = Release|Any CPU
		{C26D6CAB-BEAA-4AB5-9F7C-71CAA3CEA3FB}.Release|Any CPU.Build.0 = Release|Any CPU
		{443DFFCC-F6F2-45B3-A7DF-A579ABF5DE66}.Debug|Any CPU.ActiveCfg = Debug|Any CPU
		{443DFFCC-F6F2-45B3-A7DF-A579ABF5DE66}.Debug|Any CPU.Build.0 = Debug|Any CPU
		{443DFFCC-F6F2-45B3-A7DF-A579ABF5DE66}.Release|Any CPU.ActiveCfg = Release|Any CPU
		{443DFFCC-F6F2-45B3-A7DF-A579ABF5DE66}.Release|Any CPU.Build.0 = Release|Any CPU
		{20CBF366-3E9F-4DD3-9538-8D0B097113CA}.Debug|Any CPU.ActiveCfg = Debug|Any CPU
		{20CBF366-3E9F-4DD3-9538-8D0B097113CA}.Debug|Any CPU.Build.0 = Debug|Any CPU
		{20CBF366-3E9F-4DD3-9538-8D0B097113CA}.Release|Any CPU.ActiveCfg = Release|Any CPU
		{20CBF366-3E9F-4DD3-9538-8D0B097113CA}.Release|Any CPU.Build.0 = Release|Any CPU
		{FF0F901C-91BD-478D-B6F9-36B8E57D32E6}.Debug|Any CPU.ActiveCfg = Debug|Any CPU
		{FF0F901C-91BD-478D-B6F9-36B8E57D32E6}.Debug|Any CPU.Build.0 = Debug|Any CPU
		{FF0F901C-91BD-478D-B6F9-36B8E57D32E6}.Release|Any CPU.ActiveCfg = Release|Any CPU
		{FF0F901C-91BD-478D-B6F9-36B8E57D32E6}.Release|Any CPU.Build.0 = Release|Any CPU
		{19BA3439-C555-437E-AA87-D475E5C0C833}.Debug|Any CPU.ActiveCfg = Debug|Any CPU
		{19BA3439-C555-437E-AA87-D475E5C0C833}.Debug|Any CPU.Build.0 = Debug|Any CPU
		{19BA3439-C555-437E-AA87-D475E5C0C833}.Release|Any CPU.ActiveCfg = Release|Any CPU
		{19BA3439-C555-437E-AA87-D475E5C0C833}.Release|Any CPU.Build.0 = Release|Any CPU
	EndGlobalSection
	GlobalSection(SolutionProperties) = preSolution
		HideSolutionNode = FALSE
	EndGlobalSection
	GlobalSection(ExtensibilityGlobals) = postSolution
		SolutionGuid = {7B1FBF65-A8BA-4A16-977E-451791150AE4}
	EndGlobalSection
EndGlobal
